
Microsoft Visual Studio Solution File, Format Version 12.00
# Visual Studio Version 17
VisualStudioVersion = 17.8.34322.80
MinimumVisualStudioVersion = 10.0.40219.1
Project("{FAE04EC0-301F-11D3-BF4B-00C04F79EFBC}") = "Calculator", "Calculator\Calculator.csproj", "{BF2A465B-7760-413B-9744-F5F62ECBE536}"
EndProject
Global
	GlobalSection(SolutionConfigurationPlatforms) = preSolution
		Debug|Any CPU = Debug|Any CPU
		Release|Any CPU = Release|Any CPU
	EndGlobalSection
	GlobalSection(ProjectConfigurationPlatforms) = postSolution
		{BF2A465B-7760-413B-9744-F5F62ECBE536}.Debug|Any CPU.ActiveCfg = Debug|Any CPU
		{BF2A465B-7760-413B-9744-F5F62ECBE536}.Debug|Any CPU.Build.0 = Debug|Any CPU
		{BF2A465B-7760-413B-9744-F5F62ECBE536}.Release|Any CPU.ActiveCfg = Release|Any CPU
		{BF2A465B-7760-413B-9744-F5F62ECBE536}.Release|Any CPU.Build.0 = Release|Any CPU
	EndGlobalSection
	GlobalSection(SolutionProperties) = preSolution
		HideSolutionNode = FALSE
	EndGlobalSection
	GlobalSection(ExtensibilityGlobals) = postSolution
		SolutionGuid = {98A05AD3-BDB9-4FB5-A6F9-CF2B9D1F8131}
	EndGlobalSection
EndGlobal
